// !$*UTF8*$!
{
	archiveVersion = 1;
	classes = {
	};
	objectVersion = 46;
	objects = {

/* Begin PBXBuildFile section */
		9A2CD8D7804AE6E451511C5E /* Pods_WallAppiOS.framework in Frameworks */ = {isa = PBXBuildFile; fileRef = 64A7DEEC469DF342BFED1046 /* Pods_WallAppiOS.framework */; };
		BC7DBF8F1F077070007F1822 /* Fixtures in Resources */ = {isa = PBXBuildFile; fileRef = BC7DBF8E1F077070007F1822 /* Fixtures */; };
		BC7DBF911F077699007F1822 /* GetPosts.json in Resources */ = {isa = PBXBuildFile; fileRef = BC7DBF901F077699007F1822 /* GetPosts.json */; };
		BC7DBF931F07854B007F1822 /* CreatePost.json in Resources */ = {isa = PBXBuildFile; fileRef = BC7DBF921F07854B007F1822 /* CreatePost.json */; };
		BC7DBF951F078D5D007F1822 /* EditPost.json in Resources */ = {isa = PBXBuildFile; fileRef = BC7DBF941F078D5D007F1822 /* EditPost.json */; };
		BC7DBF971F078DDB007F1822 /* DeletePost.json in Resources */ = {isa = PBXBuildFile; fileRef = BC7DBF961F078DDB007F1822 /* DeletePost.json */; };
		BC7DBF991F07981C007F1822 /* Login.json in Resources */ = {isa = PBXBuildFile; fileRef = BC7DBF981F07981C007F1822 /* Login.json */; };
		BC7DBF9B1F079821007F1822 /* RegisterUser.json in Resources */ = {isa = PBXBuildFile; fileRef = BC7DBF9A1F079821007F1822 /* RegisterUser.json */; };
		BC90825C1F06DF8A004DCC4E /* EditPostViewController.swift in Sources */ = {isa = PBXBuildFile; fileRef = BC90825B1F06DF8A004DCC4E /* EditPostViewController.swift */; };
		BC9082981F071AD3004DCC4E /* AccountsServiceClientTest.swift in Sources */ = {isa = PBXBuildFile; fileRef = BC9082971F071AD3004DCC4E /* AccountsServiceClientTest.swift */; };
		BC90829A1F071C01004DCC4E /* PostServiceClientTest.swift in Sources */ = {isa = PBXBuildFile; fileRef = BC9082991F071C01004DCC4E /* PostServiceClientTest.swift */; };
		BC90829C1F073860004DCC4E /* BaseViewController.swift in Sources */ = {isa = PBXBuildFile; fileRef = BC90829B1F073860004DCC4E /* BaseViewController.swift */; };
		BCC700611EFCD69B00C6DF88 /* AppDelegate.swift in Sources */ = {isa = PBXBuildFile; fileRef = BCC700601EFCD69B00C6DF88 /* AppDelegate.swift */; };
		BCC700631EFCD69B00C6DF88 /* WallViewController.swift in Sources */ = {isa = PBXBuildFile; fileRef = BCC700621EFCD69B00C6DF88 /* WallViewController.swift */; };
		BCC700681EFCD69B00C6DF88 /* Assets.xcassets in Resources */ = {isa = PBXBuildFile; fileRef = BCC700671EFCD69B00C6DF88 /* Assets.xcassets */; };
		BCC7006B1EFCD69B00C6DF88 /* LaunchScreen.storyboard in Resources */ = {isa = PBXBuildFile; fileRef = BCC700691EFCD69B00C6DF88 /* LaunchScreen.storyboard */; };
		BCC700941EFCD73100C6DF88 /* Main.storyboard in Resources */ = {isa = PBXBuildFile; fileRef = BCC700931EFCD73100C6DF88 /* Main.storyboard */; };
		BCC700961EFCDA4400C6DF88 /* PostServiceClient.swift in Sources */ = {isa = PBXBuildFile; fileRef = BCC700951EFCDA4400C6DF88 /* PostServiceClient.swift */; };
		BCC700981EFCDA4A00C6DF88 /* Post.swift in Sources */ = {isa = PBXBuildFile; fileRef = BCC700971EFCDA4A00C6DF88 /* Post.swift */; };
		BCC7009A1EFCDA8700C6DF88 /* BaseServiceClient.swift in Sources */ = {isa = PBXBuildFile; fileRef = BCC700991EFCDA8700C6DF88 /* BaseServiceClient.swift */; };
		BCC7009E1EFCE09D00C6DF88 /* WritePostViewController.swift in Sources */ = {isa = PBXBuildFile; fileRef = BCC7009B1EFCE09D00C6DF88 /* WritePostViewController.swift */; };
		BCC7009F1EFCE09D00C6DF88 /* LoginViewController.swift in Sources */ = {isa = PBXBuildFile; fileRef = BCC7009C1EFCE09D00C6DF88 /* LoginViewController.swift */; };
		BCC700A01EFCE09D00C6DF88 /* RegisterViewController.swift in Sources */ = {isa = PBXBuildFile; fileRef = BCC7009D1EFCE09D00C6DF88 /* RegisterViewController.swift */; };
		BCC700A21EFCE0BD00C6DF88 /* AccountsServiceClient.swift in Sources */ = {isa = PBXBuildFile; fileRef = BCC700A11EFCE0BD00C6DF88 /* AccountsServiceClient.swift */; };
		BCC700A41EFCE0CB00C6DF88 /* Account.swift in Sources */ = {isa = PBXBuildFile; fileRef = BCC700A31EFCE0CB00C6DF88 /* Account.swift */; };
		EC0265640F7CCDF3248B7BCA /* Pods_WallAppiOS_WallAppiOSTests.framework in Frameworks */ = {isa = PBXBuildFile; fileRef = 10FE8801E24D5C0B50238C78 /* Pods_WallAppiOS_WallAppiOSTests.framework */; };
/* End PBXBuildFile section */

/* Begin PBXContainerItemProxy section */
		BCC700721EFCD69B00C6DF88 /* PBXContainerItemProxy */ = {
			isa = PBXContainerItemProxy;
			containerPortal = BCC700551EFCD69B00C6DF88 /* Project object */;
			proxyType = 1;
			remoteGlobalIDString = BCC7005C1EFCD69B00C6DF88;
			remoteInfo = WallAppiOS;
		};
/* End PBXContainerItemProxy section */

/* Begin PBXFileReference section */
		10FE8801E24D5C0B50238C78 /* Pods_WallAppiOS_WallAppiOSTests.framework */ = {isa = PBXFileReference; explicitFileType = wrapper.framework; includeInIndex = 0; path = Pods_WallAppiOS_WallAppiOSTests.framework; sourceTree = BUILT_PRODUCTS_DIR; };
		5AFF3153223CB9AD20E78887 /* Pods-WallAppiOS-WallAppiOSTests.debug.xcconfig */ = {isa = PBXFileReference; includeInIndex = 1; lastKnownFileType = text.xcconfig; name = "Pods-WallAppiOS-WallAppiOSTests.debug.xcconfig"; path = "Pods/Target Support Files/Pods-WallAppiOS-WallAppiOSTests/Pods-WallAppiOS-WallAppiOSTests.debug.xcconfig"; sourceTree = "<group>"; };
		5F42AE98B739E8A558A767E2 /* Pods-WallAppiOS.debug.xcconfig */ = {isa = PBXFileReference; includeInIndex = 1; lastKnownFileType = text.xcconfig; name = "Pods-WallAppiOS.debug.xcconfig"; path = "Pods/Target Support Files/Pods-WallAppiOS/Pods-WallAppiOS.debug.xcconfig"; sourceTree = "<group>"; };
		64A7DEEC469DF342BFED1046 /* Pods_WallAppiOS.framework */ = {isa = PBXFileReference; explicitFileType = wrapper.framework; includeInIndex = 0; path = Pods_WallAppiOS.framework; sourceTree = BUILT_PRODUCTS_DIR; };
		7BB69A1C888177C975508D12 /* Pods-WallAppiOS-WallAppiOSTests.release.xcconfig */ = {isa = PBXFileReference; includeInIndex = 1; lastKnownFileType = text.xcconfig; name = "Pods-WallAppiOS-WallAppiOSTests.release.xcconfig"; path = "Pods/Target Support Files/Pods-WallAppiOS-WallAppiOSTests/Pods-WallAppiOS-WallAppiOSTests.release.xcconfig"; sourceTree = "<group>"; };
		83B4A13CBF31EB9CAD9530A4 /* Pods-WallAppiOS-WallAppiOSUITests.release.xcconfig */ = {isa = PBXFileReference; includeInIndex = 1; lastKnownFileType = text.xcconfig; name = "Pods-WallAppiOS-WallAppiOSUITests.release.xcconfig"; path = "Pods/Target Support Files/Pods-WallAppiOS-WallAppiOSUITests/Pods-WallAppiOS-WallAppiOSUITests.release.xcconfig"; sourceTree = "<group>"; };
		9B29E83F4CEF378E082ED6B2 /* Pods-WallAppiOS.release.xcconfig */ = {isa = PBXFileReference; includeInIndex = 1; lastKnownFileType = text.xcconfig; name = "Pods-WallAppiOS.release.xcconfig"; path = "Pods/Target Support Files/Pods-WallAppiOS/Pods-WallAppiOS.release.xcconfig"; sourceTree = "<group>"; };
		A7AB250DABD2416453D8E380 /* Pods-WallAppiOS-WallAppiOSUITests.debug.xcconfig */ = {isa = PBXFileReference; includeInIndex = 1; lastKnownFileType = text.xcconfig; name = "Pods-WallAppiOS-WallAppiOSUITests.debug.xcconfig"; path = "Pods/Target Support Files/Pods-WallAppiOS-WallAppiOSUITests/Pods-WallAppiOS-WallAppiOSUITests.debug.xcconfig"; sourceTree = "<group>"; };
		BC7DBF8E1F077070007F1822 /* Fixtures */ = {isa = PBXFileReference; lastKnownFileType = folder; path = Fixtures; sourceTree = "<group>"; };
		BC7DBF901F077699007F1822 /* GetPosts.json */ = {isa = PBXFileReference; lastKnownFileType = text.json; name = GetPosts.json; path = WallAppiOSTests/Fixtures/GetPosts.json; sourceTree = "<group>"; };
		BC7DBF921F07854B007F1822 /* CreatePost.json */ = {isa = PBXFileReference; lastKnownFileType = text.json; name = CreatePost.json; path = WallAppiOSTests/Fixtures/CreatePost.json; sourceTree = "<group>"; };
		BC7DBF941F078D5D007F1822 /* EditPost.json */ = {isa = PBXFileReference; lastKnownFileType = text.json; name = EditPost.json; path = WallAppiOSTests/Fixtures/EditPost.json; sourceTree = "<group>"; };
		BC7DBF961F078DDB007F1822 /* DeletePost.json */ = {isa = PBXFileReference; lastKnownFileType = text.json; name = DeletePost.json; path = WallAppiOSTests/Fixtures/DeletePost.json; sourceTree = "<group>"; };
		BC7DBF981F07981C007F1822 /* Login.json */ = {isa = PBXFileReference; lastKnownFileType = text.json; name = Login.json; path = WallAppiOSTests/Fixtures/Login.json; sourceTree = "<group>"; };
		BC7DBF9A1F079821007F1822 /* RegisterUser.json */ = {isa = PBXFileReference; lastKnownFileType = text.json; name = RegisterUser.json; path = WallAppiOSTests/Fixtures/RegisterUser.json; sourceTree = "<group>"; };
		BC90825B1F06DF8A004DCC4E /* EditPostViewController.swift */ = {isa = PBXFileReference; fileEncoding = 4; lastKnownFileType = sourcecode.swift; path = EditPostViewController.swift; sourceTree = "<group>"; };
		BC9082971F071AD3004DCC4E /* AccountsServiceClientTest.swift */ = {isa = PBXFileReference; fileEncoding = 4; lastKnownFileType = sourcecode.swift; path = AccountsServiceClientTest.swift; sourceTree = "<group>"; };
		BC9082991F071C01004DCC4E /* PostServiceClientTest.swift */ = {isa = PBXFileReference; fileEncoding = 4; lastKnownFileType = sourcecode.swift; path = PostServiceClientTest.swift; sourceTree = "<group>"; };
		BC90829B1F073860004DCC4E /* BaseViewController.swift */ = {isa = PBXFileReference; fileEncoding = 4; lastKnownFileType = sourcecode.swift; path = BaseViewController.swift; sourceTree = "<group>"; };
		BCC7005D1EFCD69B00C6DF88 /* WallAppiOS.app */ = {isa = PBXFileReference; explicitFileType = wrapper.application; includeInIndex = 0; path = WallAppiOS.app; sourceTree = BUILT_PRODUCTS_DIR; };
		BCC700601EFCD69B00C6DF88 /* AppDelegate.swift */ = {isa = PBXFileReference; lastKnownFileType = sourcecode.swift; path = AppDelegate.swift; sourceTree = "<group>"; };
		BCC700621EFCD69B00C6DF88 /* WallViewController.swift */ = {isa = PBXFileReference; lastKnownFileType = sourcecode.swift; path = WallViewController.swift; sourceTree = "<group>"; };
		BCC700671EFCD69B00C6DF88 /* Assets.xcassets */ = {isa = PBXFileReference; lastKnownFileType = folder.assetcatalog; path = Assets.xcassets; sourceTree = "<group>"; };
		BCC7006A1EFCD69B00C6DF88 /* Base */ = {isa = PBXFileReference; lastKnownFileType = file.storyboard; name = Base; path = Base.lproj/LaunchScreen.storyboard; sourceTree = "<group>"; };
		BCC7006C1EFCD69B00C6DF88 /* Info.plist */ = {isa = PBXFileReference; lastKnownFileType = text.plist.xml; path = Info.plist; sourceTree = "<group>"; };
		BCC700711EFCD69B00C6DF88 /* WallAppiOSTests.xctest */ = {isa = PBXFileReference; explicitFileType = wrapper.cfbundle; includeInIndex = 0; path = WallAppiOSTests.xctest; sourceTree = BUILT_PRODUCTS_DIR; };
		BCC700771EFCD69B00C6DF88 /* Info.plist */ = {isa = PBXFileReference; lastKnownFileType = text.plist.xml; path = Info.plist; sourceTree = "<group>"; };
		BCC700931EFCD73100C6DF88 /* Main.storyboard */ = {isa = PBXFileReference; fileEncoding = 4; lastKnownFileType = file.storyboard; path = Main.storyboard; sourceTree = "<group>"; };
		BCC700951EFCDA4400C6DF88 /* PostServiceClient.swift */ = {isa = PBXFileReference; fileEncoding = 4; lastKnownFileType = sourcecode.swift; path = PostServiceClient.swift; sourceTree = "<group>"; };
		BCC700971EFCDA4A00C6DF88 /* Post.swift */ = {isa = PBXFileReference; fileEncoding = 4; lastKnownFileType = sourcecode.swift; path = Post.swift; sourceTree = "<group>"; };
		BCC700991EFCDA8700C6DF88 /* BaseServiceClient.swift */ = {isa = PBXFileReference; fileEncoding = 4; lastKnownFileType = sourcecode.swift; path = BaseServiceClient.swift; sourceTree = "<group>"; };
		BCC7009B1EFCE09D00C6DF88 /* WritePostViewController.swift */ = {isa = PBXFileReference; fileEncoding = 4; lastKnownFileType = sourcecode.swift; path = WritePostViewController.swift; sourceTree = "<group>"; };
		BCC7009C1EFCE09D00C6DF88 /* LoginViewController.swift */ = {isa = PBXFileReference; fileEncoding = 4; lastKnownFileType = sourcecode.swift; path = LoginViewController.swift; sourceTree = "<group>"; };
		BCC7009D1EFCE09D00C6DF88 /* RegisterViewController.swift */ = {isa = PBXFileReference; fileEncoding = 4; lastKnownFileType = sourcecode.swift; path = RegisterViewController.swift; sourceTree = "<group>"; };
		BCC700A11EFCE0BD00C6DF88 /* AccountsServiceClient.swift */ = {isa = PBXFileReference; fileEncoding = 4; lastKnownFileType = sourcecode.swift; path = AccountsServiceClient.swift; sourceTree = "<group>"; };
		BCC700A31EFCE0CB00C6DF88 /* Account.swift */ = {isa = PBXFileReference; fileEncoding = 4; lastKnownFileType = sourcecode.swift; path = Account.swift; sourceTree = "<group>"; };
		F7BD092C5DE02BD2FFF8E4E8 /* Pods_WallAppiOS_WallAppiOSUITests.framework */ = {isa = PBXFileReference; explicitFileType = wrapper.framework; includeInIndex = 0; path = Pods_WallAppiOS_WallAppiOSUITests.framework; sourceTree = BUILT_PRODUCTS_DIR; };
/* End PBXFileReference section */

/* Begin PBXFrameworksBuildPhase section */
		BCC7005A1EFCD69B00C6DF88 /* Frameworks */ = {
			isa = PBXFrameworksBuildPhase;
			buildActionMask = 2147483647;
			files = (
				9A2CD8D7804AE6E451511C5E /* Pods_WallAppiOS.framework in Frameworks */,
			);
			runOnlyForDeploymentPostprocessing = 0;
		};
		BCC7006E1EFCD69B00C6DF88 /* Frameworks */ = {
			isa = PBXFrameworksBuildPhase;
			buildActionMask = 2147483647;
			files = (
				EC0265640F7CCDF3248B7BCA /* Pods_WallAppiOS_WallAppiOSTests.framework in Frameworks */,
			);
			runOnlyForDeploymentPostprocessing = 0;
		};
/* End PBXFrameworksBuildPhase section */

/* Begin PBXGroup section */
		68BC226F205CD988CB3AFCCE /* Pods */ = {
			isa = PBXGroup;
			children = (
				5F42AE98B739E8A558A767E2 /* Pods-WallAppiOS.debug.xcconfig */,
				9B29E83F4CEF378E082ED6B2 /* Pods-WallAppiOS.release.xcconfig */,
				5AFF3153223CB9AD20E78887 /* Pods-WallAppiOS-WallAppiOSTests.debug.xcconfig */,
				7BB69A1C888177C975508D12 /* Pods-WallAppiOS-WallAppiOSTests.release.xcconfig */,
				A7AB250DABD2416453D8E380 /* Pods-WallAppiOS-WallAppiOSUITests.debug.xcconfig */,
				83B4A13CBF31EB9CAD9530A4 /* Pods-WallAppiOS-WallAppiOSUITests.release.xcconfig */,
			);
			name = Pods;
			sourceTree = "<group>";
		};
		743BCA78BFEA5838D407ADE4 /* Frameworks */ = {
			isa = PBXGroup;
			children = (
				64A7DEEC469DF342BFED1046 /* Pods_WallAppiOS.framework */,
				10FE8801E24D5C0B50238C78 /* Pods_WallAppiOS_WallAppiOSTests.framework */,
				F7BD092C5DE02BD2FFF8E4E8 /* Pods_WallAppiOS_WallAppiOSUITests.framework */,
			);
			name = Frameworks;
			sourceTree = "<group>";
		};
		BCC700541EFCD69B00C6DF88 = {
			isa = PBXGroup;
			children = (
				BC7DBF9A1F079821007F1822 /* RegisterUser.json */,
				BC7DBF981F07981C007F1822 /* Login.json */,
				BC7DBF961F078DDB007F1822 /* DeletePost.json */,
				BC7DBF941F078D5D007F1822 /* EditPost.json */,
				BC7DBF921F07854B007F1822 /* CreatePost.json */,
				BC7DBF901F077699007F1822 /* GetPosts.json */,
				BCC7005F1EFCD69B00C6DF88 /* WallAppiOS */,
				BCC700741EFCD69B00C6DF88 /* WallAppiOSTests */,
				BCC7005E1EFCD69B00C6DF88 /* Products */,
				68BC226F205CD988CB3AFCCE /* Pods */,
				743BCA78BFEA5838D407ADE4 /* Frameworks */,
			);
			sourceTree = "<group>";
		};
		BCC7005E1EFCD69B00C6DF88 /* Products */ = {
			isa = PBXGroup;
			children = (
				BCC7005D1EFCD69B00C6DF88 /* WallAppiOS.app */,
				BCC700711EFCD69B00C6DF88 /* WallAppiOSTests.xctest */,
			);
			name = Products;
			sourceTree = "<group>";
		};
		BCC7005F1EFCD69B00C6DF88 /* WallAppiOS */ = {
			isa = PBXGroup;
			children = (
				BCC700921EFCD6F100C6DF88 /* Models */,
				BCC700911EFCD6DE00C6DF88 /* ServiceClients */,
				BCC700901EFCD6CB00C6DF88 /* ViewControllers */,
				BCC7008E1EFCD6AC00C6DF88 /* Supporting Files */,
				BCC7008F1EFCD6C000C6DF88 /* Storyboards */,
			);
			path = WallAppiOS;
			sourceTree = "<group>";
		};
		BCC700741EFCD69B00C6DF88 /* WallAppiOSTests */ = {
			isa = PBXGroup;
			children = (
				BCC700771EFCD69B00C6DF88 /* Info.plist */,
				BC9082971F071AD3004DCC4E /* AccountsServiceClientTest.swift */,
				BC9082991F071C01004DCC4E /* PostServiceClientTest.swift */,
				BC7DBF8E1F077070007F1822 /* Fixtures */,
			);
			path = WallAppiOSTests;
			sourceTree = "<group>";
		};
		BCC7008E1EFCD6AC00C6DF88 /* Supporting Files */ = {
			isa = PBXGroup;
			children = (
				BCC7006C1EFCD69B00C6DF88 /* Info.plist */,
				BCC700671EFCD69B00C6DF88 /* Assets.xcassets */,
				BCC700601EFCD69B00C6DF88 /* AppDelegate.swift */,
			);
			name = "Supporting Files";
			sourceTree = "<group>";
		};
		BCC7008F1EFCD6C000C6DF88 /* Storyboards */ = {
			isa = PBXGroup;
			children = (
				BCC700931EFCD73100C6DF88 /* Main.storyboard */,
				BCC700691EFCD69B00C6DF88 /* LaunchScreen.storyboard */,
			);
			name = Storyboards;
			sourceTree = "<group>";
		};
		BCC700901EFCD6CB00C6DF88 /* ViewControllers */ = {
			isa = PBXGroup;
			children = (
				BCC700621EFCD69B00C6DF88 /* WallViewController.swift */,
				BCC7009B1EFCE09D00C6DF88 /* WritePostViewController.swift */,
				BCC7009C1EFCE09D00C6DF88 /* LoginViewController.swift */,
				BCC7009D1EFCE09D00C6DF88 /* RegisterViewController.swift */,
				BC90825B1F06DF8A004DCC4E /* EditPostViewController.swift */,
				BC90829B1F073860004DCC4E /* BaseViewController.swift */,
			);
			name = ViewControllers;
			sourceTree = "<group>";
		};
		BCC700911EFCD6DE00C6DF88 /* ServiceClients */ = {
			isa = PBXGroup;
			children = (
				BCC700A11EFCE0BD00C6DF88 /* AccountsServiceClient.swift */,
				BCC700991EFCDA8700C6DF88 /* BaseServiceClient.swift */,
				BCC700951EFCDA4400C6DF88 /* PostServiceClient.swift */,
			);
			name = ServiceClients;
			sourceTree = "<group>";
		};
		BCC700921EFCD6F100C6DF88 /* Models */ = {
			isa = PBXGroup;
			children = (
				BCC700A31EFCE0CB00C6DF88 /* Account.swift */,
				BCC700971EFCDA4A00C6DF88 /* Post.swift */,
			);
			name = Models;
			sourceTree = "<group>";
		};
/* End PBXGroup section */

/* Begin PBXNativeTarget section */
		BCC7005C1EFCD69B00C6DF88 /* WallAppiOS */ = {
			isa = PBXNativeTarget;
			buildConfigurationList = BCC700851EFCD69C00C6DF88 /* Build configuration list for PBXNativeTarget "WallAppiOS" */;
			buildPhases = (
				DF2DC790F979FF9D6260DC24 /* [CP] Check Pods Manifest.lock */,
				BCC700591EFCD69B00C6DF88 /* Sources */,
				BCC7005A1EFCD69B00C6DF88 /* Frameworks */,
				BCC7005B1EFCD69B00C6DF88 /* Resources */,
				C81428F125E370479BAB4629 /* [CP] Embed Pods Frameworks */,
				9E2536A99651F3794C43F96A /* [CP] Copy Pods Resources */,
			);
			buildRules = (
			);
			dependencies = (
			);
			name = WallAppiOS;
			productName = WallAppiOS;
			productReference = BCC7005D1EFCD69B00C6DF88 /* WallAppiOS.app */;
			productType = "com.apple.product-type.application";
		};
		BCC700701EFCD69B00C6DF88 /* WallAppiOSTests */ = {
			isa = PBXNativeTarget;
			buildConfigurationList = BCC700881EFCD69C00C6DF88 /* Build configuration list for PBXNativeTarget "WallAppiOSTests" */;
			buildPhases = (
				F9E70F85C3019DC05E852CA0 /* [CP] Check Pods Manifest.lock */,
				BCC7006D1EFCD69B00C6DF88 /* Sources */,
				BCC7006E1EFCD69B00C6DF88 /* Frameworks */,
				BCC7006F1EFCD69B00C6DF88 /* Resources */,
				561FE57AB65DD681EC03F304 /* [CP] Embed Pods Frameworks */,
				D29AD0027B397FFB1C345BB2 /* [CP] Copy Pods Resources */,
			);
			buildRules = (
			);
			dependencies = (
				BCC700731EFCD69B00C6DF88 /* PBXTargetDependency */,
			);
			name = WallAppiOSTests;
			productName = WallAppiOSTests;
			productReference = BCC700711EFCD69B00C6DF88 /* WallAppiOSTests.xctest */;
			productType = "com.apple.product-type.bundle.unit-test";
		};
/* End PBXNativeTarget section */

/* Begin PBXProject section */
		BCC700551EFCD69B00C6DF88 /* Project object */ = {
			isa = PBXProject;
			attributes = {
				LastSwiftUpdateCheck = 0830;
				LastUpgradeCheck = 0830;
				ORGANIZATIONNAME = "Matthew Drill";
				TargetAttributes = {
					BCC7005C1EFCD69B00C6DF88 = {
						CreatedOnToolsVersion = 8.3.3;
						DevelopmentTeam = S9799UHJFV;
						ProvisioningStyle = Automatic;
					};
					BCC700701EFCD69B00C6DF88 = {
						CreatedOnToolsVersion = 8.3.3;
						DevelopmentTeam = S9799UHJFV;
						ProvisioningStyle = Automatic;
						TestTargetID = BCC7005C1EFCD69B00C6DF88;
					};
				};
			};
			buildConfigurationList = BCC700581EFCD69B00C6DF88 /* Build configuration list for PBXProject "WallAppiOS" */;
			compatibilityVersion = "Xcode 3.2";
			developmentRegion = English;
			hasScannedForEncodings = 0;
			knownRegions = (
				en,
				Base,
			);
			mainGroup = BCC700541EFCD69B00C6DF88;
			productRefGroup = BCC7005E1EFCD69B00C6DF88 /* Products */;
			projectDirPath = "";
			projectRoot = "";
			targets = (
				BCC7005C1EFCD69B00C6DF88 /* WallAppiOS */,
				BCC700701EFCD69B00C6DF88 /* WallAppiOSTests */,
			);
		};
/* End PBXProject section */

/* Begin PBXResourcesBuildPhase section */
		BCC7005B1EFCD69B00C6DF88 /* Resources */ = {
			isa = PBXResourcesBuildPhase;
			buildActionMask = 2147483647;
			files = (
				BCC700941EFCD73100C6DF88 /* Main.storyboard in Resources */,
				BCC7006B1EFCD69B00C6DF88 /* LaunchScreen.storyboard in Resources */,
				BCC700681EFCD69B00C6DF88 /* Assets.xcassets in Resources */,
			);
			runOnlyForDeploymentPostprocessing = 0;
		};
		BCC7006F1EFCD69B00C6DF88 /* Resources */ = {
			isa = PBXResourcesBuildPhase;
			buildActionMask = 2147483647;
			files = (
				BC7DBF8F1F077070007F1822 /* Fixtures in Resources */,
				BC7DBF911F077699007F1822 /* GetPosts.json in Resources */,
				BC7DBF931F07854B007F1822 /* CreatePost.json in Resources */,
				BC7DBF951F078D5D007F1822 /* EditPost.json in Resources */,
				BC7DBF971F078DDB007F1822 /* DeletePost.json in Resources */,
				BC7DBF9B1F079821007F1822 /* RegisterUser.json in Resources */,
				BC7DBF991F07981C007F1822 /* Login.json in Resources */,
			);
			runOnlyForDeploymentPostprocessing = 0;
		};
/* End PBXResourcesBuildPhase section */

/* Begin PBXShellScriptBuildPhase section */
		561FE57AB65DD681EC03F304 /* [CP] Embed Pods Frameworks */ = {
			isa = PBXShellScriptBuildPhase;
			buildActionMask = 2147483647;
			files = (
			);
			inputPaths = (
			);
			name = "[CP] Embed Pods Frameworks";
			outputPaths = (
			);
			runOnlyForDeploymentPostprocessing = 0;
			shellPath = /bin/sh;
			shellScript = "\"${SRCROOT}/Pods/Target Support Files/Pods-WallAppiOS-WallAppiOSTests/Pods-WallAppiOS-WallAppiOSTests-frameworks.sh\"\n";
			showEnvVarsInLog = 0;
		};
		9E2536A99651F3794C43F96A /* [CP] Copy Pods Resources */ = {
			isa = PBXShellScriptBuildPhase;
			buildActionMask = 2147483647;
			files = (
			);
			inputPaths = (
			);
			name = "[CP] Copy Pods Resources";
			outputPaths = (
			);
			runOnlyForDeploymentPostprocessing = 0;
			shellPath = /bin/sh;
			shellScript = "\"${SRCROOT}/Pods/Target Support Files/Pods-WallAppiOS/Pods-WallAppiOS-resources.sh\"\n";
			showEnvVarsInLog = 0;
		};
		C81428F125E370479BAB4629 /* [CP] Embed Pods Frameworks */ = {
			isa = PBXShellScriptBuildPhase;
			buildActionMask = 2147483647;
			files = (
			);
			inputPaths = (
			);
			name = "[CP] Embed Pods Frameworks";
			outputPaths = (
			);
			runOnlyForDeploymentPostprocessing = 0;
			shellPath = /bin/sh;
			shellScript = "\"${SRCROOT}/Pods/Target Support Files/Pods-WallAppiOS/Pods-WallAppiOS-frameworks.sh\"\n";
			showEnvVarsInLog = 0;
		};
		D29AD0027B397FFB1C345BB2 /* [CP] Copy Pods Resources */ = {
			isa = PBXShellScriptBuildPhase;
			buildActionMask = 2147483647;
			files = (
			);
			inputPaths = (
			);
			name = "[CP] Copy Pods Resources";
			outputPaths = (
			);
			runOnlyForDeploymentPostprocessing = 0;
			shellPath = /bin/sh;
			shellScript = "\"${SRCROOT}/Pods/Target Support Files/Pods-WallAppiOS-WallAppiOSTests/Pods-WallAppiOS-WallAppiOSTests-resources.sh\"\n";
			showEnvVarsInLog = 0;
		};
		DF2DC790F979FF9D6260DC24 /* [CP] Check Pods Manifest.lock */ = {
			isa = PBXShellScriptBuildPhase;
			buildActionMask = 2147483647;
			files = (
			);
			inputPaths = (
			);
			name = "[CP] Check Pods Manifest.lock";
			outputPaths = (
			);
			runOnlyForDeploymentPostprocessing = 0;
			shellPath = /bin/sh;
			shellScript = "diff \"${PODS_PODFILE_DIR_PATH}/Podfile.lock\" \"${PODS_ROOT}/Manifest.lock\" > /dev/null\nif [ $? != 0 ] ; then\n    # print error to STDERR\n    echo \"error: The sandbox is not in sync with the Podfile.lock. Run 'pod install' or update your CocoaPods installation.\" >&2\n    exit 1\nfi\n";
			showEnvVarsInLog = 0;
		};
		F9E70F85C3019DC05E852CA0 /* [CP] Check Pods Manifest.lock */ = {
			isa = PBXShellScriptBuildPhase;
			buildActionMask = 2147483647;
			files = (
			);
			inputPaths = (
			);
			name = "[CP] Check Pods Manifest.lock";
			outputPaths = (
			);
			runOnlyForDeploymentPostprocessing = 0;
			shellPath = /bin/sh;
			shellScript = "diff \"${PODS_PODFILE_DIR_PATH}/Podfile.lock\" \"${PODS_ROOT}/Manifest.lock\" > /dev/null\nif [ $? != 0 ] ; then\n    # print error to STDERR\n    echo \"error: The sandbox is not in sync with the Podfile.lock. Run 'pod install' or update your CocoaPods installation.\" >&2\n    exit 1\nfi\n";
			showEnvVarsInLog = 0;
		};
/* End PBXShellScriptBuildPhase section */

/* Begin PBXSourcesBuildPhase section */
		BCC700591EFCD69B00C6DF88 /* Sources */ = {
			isa = PBXSourcesBuildPhase;
			buildActionMask = 2147483647;
			files = (
				BCC7009F1EFCE09D00C6DF88 /* LoginViewController.swift in Sources */,
				BCC700A21EFCE0BD00C6DF88 /* AccountsServiceClient.swift in Sources */,
				BCC7009E1EFCE09D00C6DF88 /* WritePostViewController.swift in Sources */,
				BCC700631EFCD69B00C6DF88 /* WallViewController.swift in Sources */,
				BCC700A01EFCE09D00C6DF88 /* RegisterViewController.swift in Sources */,
				BC90829C1F073860004DCC4E /* BaseViewController.swift in Sources */,
				BCC700A41EFCE0CB00C6DF88 /* Account.swift in Sources */,
				BCC700961EFCDA4400C6DF88 /* PostServiceClient.swift in Sources */,
				BC90825C1F06DF8A004DCC4E /* EditPostViewController.swift in Sources */,
				BCC7009A1EFCDA8700C6DF88 /* BaseServiceClient.swift in Sources */,
				BCC700611EFCD69B00C6DF88 /* AppDelegate.swift in Sources */,
				BCC700981EFCDA4A00C6DF88 /* Post.swift in Sources */,
			);
			runOnlyForDeploymentPostprocessing = 0;
		};
		BCC7006D1EFCD69B00C6DF88 /* Sources */ = {
			isa = PBXSourcesBuildPhase;
			buildActionMask = 2147483647;
			files = (
				BC9082981F071AD3004DCC4E /* AccountsServiceClientTest.swift in Sources */,
				BC90829A1F071C01004DCC4E /* PostServiceClientTest.swift in Sources */,
			);
			runOnlyForDeploymentPostprocessing = 0;
		};
/* End PBXSourcesBuildPhase section */

/* Begin PBXTargetDependency section */
		BCC700731EFCD69B00C6DF88 /* PBXTargetDependency */ = {
			isa = PBXTargetDependency;
			target = BCC7005C1EFCD69B00C6DF88 /* WallAppiOS */;
			targetProxy = BCC700721EFCD69B00C6DF88 /* PBXContainerItemProxy */;
		};
/* End PBXTargetDependency section */

/* Begin PBXVariantGroup section */
		BCC700691EFCD69B00C6DF88 /* LaunchScreen.storyboard */ = {
			isa = PBXVariantGroup;
			children = (
				BCC7006A1EFCD69B00C6DF88 /* Base */,
			);
			name = LaunchScreen.storyboard;
			sourceTree = "<group>";
		};
/* End PBXVariantGroup section */

/* Begin XCBuildConfiguration section */
		BCC700831EFCD69C00C6DF88 /* Debug */ = {
			isa = XCBuildConfiguration;
			buildSettings = {
				ALWAYS_SEARCH_USER_PATHS = NO;
				CLANG_ANALYZER_NONNULL = YES;
				CLANG_ANALYZER_NUMBER_OBJECT_CONVERSION = YES_AGGRESSIVE;
				CLANG_CXX_LANGUAGE_STANDARD = "gnu++0x";
				CLANG_CXX_LIBRARY = "libc++";
				CLANG_ENABLE_MODULES = YES;
				CLANG_ENABLE_OBJC_ARC = YES;
				CLANG_WARN_BOOL_CONVERSION = YES;
				CLANG_WARN_CONSTANT_CONVERSION = YES;
				CLANG_WARN_DIRECT_OBJC_ISA_USAGE = YES_ERROR;
				CLANG_WARN_DOCUMENTATION_COMMENTS = YES;
				CLANG_WARN_EMPTY_BODY = YES;
				CLANG_WARN_ENUM_CONVERSION = YES;
				CLANG_WARN_INFINITE_RECURSION = YES;
				CLANG_WARN_INT_CONVERSION = YES;
				CLANG_WARN_OBJC_ROOT_CLASS = YES_ERROR;
				CLANG_WARN_SUSPICIOUS_MOVE = YES;
				CLANG_WARN_UNREACHABLE_CODE = YES;
				CLANG_WARN__DUPLICATE_METHOD_MATCH = YES;
				"CODE_SIGN_IDENTITY[sdk=iphoneos*]" = "iPhone Developer";
				COPY_PHASE_STRIP = NO;
				DEBUG_INFORMATION_FORMAT = dwarf;
				ENABLE_STRICT_OBJC_MSGSEND = YES;
				ENABLE_TESTABILITY = YES;
				GCC_C_LANGUAGE_STANDARD = gnu99;
				GCC_DYNAMIC_NO_PIC = NO;
				GCC_NO_COMMON_BLOCKS = YES;
				GCC_OPTIMIZATION_LEVEL = 0;
				GCC_PREPROCESSOR_DEFINITIONS = (
					"DEBUG=1",
					"$(inherited)",
				);
				GCC_WARN_64_TO_32_BIT_CONVERSION = YES;
				GCC_WARN_ABOUT_RETURN_TYPE = YES_ERROR;
				GCC_WARN_UNDECLARED_SELECTOR = YES;
				GCC_WARN_UNINITIALIZED_AUTOS = YES_AGGRESSIVE;
				GCC_WARN_UNUSED_FUNCTION = YES;
				GCC_WARN_UNUSED_VARIABLE = YES;
				IPHONEOS_DEPLOYMENT_TARGET = 10.3;
				MTL_ENABLE_DEBUG_INFO = YES;
				ONLY_ACTIVE_ARCH = YES;
				SDKROOT = iphoneos;
				SWIFT_ACTIVE_COMPILATION_CONDITIONS = DEBUG;
				SWIFT_OPTIMIZATION_LEVEL = "-Onone";
				TARGETED_DEVICE_FAMILY = "1,2";
			};
			name = Debug;
		};
		BCC700841EFCD69C00C6DF88 /* Release */ = {
			isa = XCBuildConfiguration;
			buildSettings = {
				ALWAYS_SEARCH_USER_PATHS = NO;
				CLANG_ANALYZER_NONNULL = YES;
				CLANG_ANALYZER_NUMBER_OBJECT_CONVERSION = YES_AGGRESSIVE;
				CLANG_CXX_LANGUAGE_STANDARD = "gnu++0x";
				CLANG_CXX_LIBRARY = "libc++";
				CLANG_ENABLE_MODULES = YES;
				CLANG_ENABLE_OBJC_ARC = YES;
				CLANG_WARN_BOOL_CONVERSION = YES;
				CLANG_WARN_CONSTANT_CONVERSION = YES;
				CLANG_WARN_DIRECT_OBJC_ISA_USAGE = YES_ERROR;
				CLANG_WARN_DOCUMENTATION_COMMENTS = YES;
				CLANG_WARN_EMPTY_BODY = YES;
				CLANG_WARN_ENUM_CONVERSION = YES;
				CLANG_WARN_INFINITE_RECURSION = YES;
				CLANG_WARN_INT_CONVERSION = YES;
				CLANG_WARN_OBJC_ROOT_CLASS = YES_ERROR;
				CLANG_WARN_SUSPICIOUS_MOVE = YES;
				CLANG_WARN_UNREACHABLE_CODE = YES;
				CLANG_WARN__DUPLICATE_METHOD_MATCH = YES;
				"CODE_SIGN_IDENTITY[sdk=iphoneos*]" = "iPhone Developer";
				COPY_PHASE_STRIP = NO;
				DEBUG_INFORMATION_FORMAT = "dwarf-with-dsym";
				ENABLE_NS_ASSERTIONS = NO;
				ENABLE_STRICT_OBJC_MSGSEND = YES;
				GCC_C_LANGUAGE_STANDARD = gnu99;
				GCC_NO_COMMON_BLOCKS = YES;
				GCC_WARN_64_TO_32_BIT_CONVERSION = YES;
				GCC_WARN_ABOUT_RETURN_TYPE = YES_ERROR;
				GCC_WARN_UNDECLARED_SELECTOR = YES;
				GCC_WARN_UNINITIALIZED_AUTOS = YES_AGGRESSIVE;
				GCC_WARN_UNUSED_FUNCTION = YES;
				GCC_WARN_UNUSED_VARIABLE = YES;
				IPHONEOS_DEPLOYMENT_TARGET = 10.3;
				MTL_ENABLE_DEBUG_INFO = NO;
				SDKROOT = iphoneos;
				SWIFT_OPTIMIZATION_LEVEL = "-Owholemodule";
				TARGETED_DEVICE_FAMILY = "1,2";
				VALIDATE_PRODUCT = YES;
			};
			name = Release;
		};
		BCC700861EFCD69C00C6DF88 /* Debug */ = {
			isa = XCBuildConfiguration;
			baseConfigurationReference = 5F42AE98B739E8A558A767E2 /* Pods-WallAppiOS.debug.xcconfig */;
			buildSettings = {
				ASSETCATALOG_COMPILER_APPICON_NAME = AppIcon;
				DEVELOPMENT_TEAM = S9799UHJFV;
				INFOPLIST_FILE = WallAppiOS/Info.plist;
				LD_RUNPATH_SEARCH_PATHS = "$(inherited) @executable_path/Frameworks";
				PRODUCT_BUNDLE_IDENTIFIER = com.datastructures.WallAppiOS;
				PRODUCT_NAME = "$(TARGET_NAME)";
				SWIFT_VERSION = 3.0;
			};
			name = Debug;
		};
		BCC700871EFCD69C00C6DF88 /* Release */ = {
			isa = XCBuildConfiguration;
			baseConfigurationReference = 9B29E83F4CEF378E082ED6B2 /* Pods-WallAppiOS.release.xcconfig */;
			buildSettings = {
				ASSETCATALOG_COMPILER_APPICON_NAME = AppIcon;
				DEVELOPMENT_TEAM = S9799UHJFV;
				INFOPLIST_FILE = WallAppiOS/Info.plist;
				LD_RUNPATH_SEARCH_PATHS = "$(inherited) @executable_path/Frameworks";
				PRODUCT_BUNDLE_IDENTIFIER = com.datastructures.WallAppiOS;
				PRODUCT_NAME = "$(TARGET_NAME)";
				SWIFT_VERSION = 3.0;
			};
			name = Release;
		};
		BCC700891EFCD69C00C6DF88 /* Debug */ = {
			isa = XCBuildConfiguration;
			baseConfigurationReference = 5AFF3153223CB9AD20E78887 /* Pods-WallAppiOS-WallAppiOSTests.debug.xcconfig */;
			buildSettings = {
				ALWAYS_EMBED_SWIFT_STANDARD_LIBRARIES = YES;
				BUNDLE_LOADER = "$(TEST_HOST)";
				DEVELOPMENT_TEAM = S9799UHJFV;
				INFOPLIST_FILE = WallAppiOSTests/Info.plist;
				LD_RUNPATH_SEARCH_PATHS = "$(inherited) @executable_path/Frameworks @loader_path/Frameworks";
				PRODUCT_BUNDLE_IDENTIFIER = com.datastructures.WallAppiOSTests;
				PRODUCT_NAME = "$(TARGET_NAME)";
				SWIFT_VERSION = 3.0;
				TEST_HOST = "$(BUILT_PRODUCTS_DIR)/WallAppiOS.app/WallAppiOS";
			};
			name = Debug;
		};
		BCC7008A1EFCD69C00C6DF88 /* Release */ = {
			isa = XCBuildConfiguration;
			baseConfigurationReference = 7BB69A1C888177C975508D12 /* Pods-WallAppiOS-WallAppiOSTests.release.xcconfig */;
			buildSettings = {
				ALWAYS_EMBED_SWIFT_STANDARD_LIBRARIES = YES;
				BUNDLE_LOADER = "$(TEST_HOST)";
				DEVELOPMENT_TEAM = S9799UHJFV;
				INFOPLIST_FILE = WallAppiOSTests/Info.plist;
				LD_RUNPATH_SEARCH_PATHS = "$(inherited) @executable_path/Frameworks @loader_path/Frameworks";
				PRODUCT_BUNDLE_IDENTIFIER = com.datastructures.WallAppiOSTests;
				PRODUCT_NAME = "$(TARGET_NAME)";
				SWIFT_VERSION = 3.0;
				TEST_HOST = "$(BUILT_PRODUCTS_DIR)/WallAppiOS.app/WallAppiOS";
			};
			name = Release;
		};
/* End XCBuildConfiguration section */

/* Begin XCConfigurationList section */
		BCC700581EFCD69B00C6DF88 /* Build configuration list for PBXProject "WallAppiOS" */ = {
			isa = XCConfigurationList;
			buildConfigurations = (
				BCC700831EFCD69C00C6DF88 /* Debug */,
				BCC700841EFCD69C00C6DF88 /* Release */,
			);
			defaultConfigurationIsVisible = 0;
			defaultConfigurationName = Release;
		};
		BCC700851EFCD69C00C6DF88 /* Build configuration list for PBXNativeTarget "WallAppiOS" */ = {
			isa = XCConfigurationList;
			buildConfigurations = (
				BCC700861EFCD69C00C6DF88 /* Debug */,
				BCC700871EFCD69C00C6DF88 /* Release */,
			);
			defaultConfigurationIsVisible = 0;
			defaultConfigurationName = Release;
		};
		BCC700881EFCD69C00C6DF88 /* Build configuration list for PBXNativeTarget "WallAppiOSTests" */ = {
			isa = XCConfigurationList;
			buildConfigurations = (
				BCC700891EFCD69C00C6DF88 /* Debug */,
				BCC7008A1EFCD69C00C6DF88 /* Release */,
			);
			defaultConfigurationIsVisible = 0;
			defaultConfigurationName = Release;
		};
/* End XCConfigurationList section */
	};
	rootObject = BCC700551EFCD69B00C6DF88 /* Project object */;
}
